
Microsoft Visual Studio Solution File, Format Version 12.00
# Visual Studio Version 16
VisualStudioVersion = 16.0.30406.217
MinimumVisualStudioVersion = 10.0.40219.1
Project("{FAE04EC0-301F-11D3-BF4B-00C04F79EFBC}") = "LoggingUsingLog4Net", "LoggingUsingLog4Net\LoggingUsingLog4Net.csproj", "{EC20DE47-6E54-4AE2-919E-37FB2BC226F9}"
EndProject
Global
	GlobalSection(SolutionConfigurationPlatforms) = preSolution
		Debug|Any CPU = Debug|Any CPU
		Release|Any CPU = Release|Any CPU
	EndGlobalSection
	GlobalSection(ProjectConfigurationPlatforms) = postSolution
		{EC20DE47-6E54-4AE2-919E-37FB2BC226F9}.Debug|Any CPU.ActiveCfg = Debug|Any CPU
		{EC20DE47-6E54-4AE2-919E-37FB2BC226F9}.Debug|Any CPU.Build.0 = Debug|Any CPU
		{EC20DE47-6E54-4AE2-919E-37FB2BC226F9}.Release|Any CPU.ActiveCfg = Release|Any CPU
		{EC20DE47-6E54-4AE2-919E-37FB2BC226F9}.Release|Any CPU.Build.0 = Release|Any CPU
	EndGlobalSection
	GlobalSection(SolutionProperties) = preSolution
		HideSolutionNode = FALSE
	EndGlobalSection
	GlobalSection(ExtensibilityGlobals) = postSolution
		SolutionGuid = {DCA30CF9-C214-43BA-9115-C458055C1830}
	EndGlobalSection
EndGlobal
